
Microsoft Visual Studio Solution File, Format Version 12.00
# Visual Studio Version 17
VisualStudioVersion = 17.11.35327.3
MinimumVisualStudioVersion = 10.0.40219.1
Project("{FAE04EC0-301F-11D3-BF4B-00C04F79EFBC}") = "EcomStoreProject.Web", "EcomStoreProject.Web\EcomStoreProject.Web.csproj", "{3FAAEF62-F533-4B67-B32E-803357BA0EA1}"
EndProject
Project("{FAE04EC0-301F-11D3-BF4B-00C04F79EFBC}") = "EcomStoreProject.Model", "EcomStoreProject.Model\EcomStoreProject.Model.csproj", "{F2635842-F971-41E2-8B46-D5E73CEAD11D}"
EndProject
Project("{FAE04EC0-301F-11D3-BF4B-00C04F79EFBC}") = "EcomStoreProject.Utility", "EcomStoreProject.Utility\EcomStoreProject.Utility.csproj", "{FFB1A5E5-3B5C-423B-9B74-6AA74FE9FAFB}"
EndProject
Project("{FAE04EC0-301F-11D3-BF4B-00C04F79EFBC}") = "EcomStoreProject.DataAccess", "EcomStoreProject.DataAccess\EcomStoreProject.DataAccess.csproj", "{4FD0C488-6B38-4D0F-A565-1F24E615A608}"
EndProject
Global
	GlobalSection(SolutionConfigurationPlatforms) = preSolution
		Debug|Any CPU = Debug|Any CPU
		Release|Any CPU = Release|Any CPU
	EndGlobalSection
	GlobalSection(ProjectConfigurationPlatforms) = postSolution
		{3FAAEF62-F533-4B67-B32E-803357BA0EA1}.Debug|Any CPU.ActiveCfg = Debug|Any CPU
		{3FAAEF62-F533-4B67-B32E-803357BA0EA1}.Debug|Any CPU.Build.0 = Debug|Any CPU
		{3FAAEF62-F533-4B67-B32E-803357BA0EA1}.Release|Any CPU.ActiveCfg = Release|Any CPU
		{3FAAEF62-F533-4B67-B32E-803357BA0EA1}.Release|Any CPU.Build.0 = Release|Any CPU
		{F2635842-F971-41E2-8B46-D5E73CEAD11D}.Debug|Any CPU.ActiveCfg = Debug|Any CPU
		{F2635842-F971-41E2-8B46-D5E73CEAD11D}.Debug|Any CPU.Build.0 = Debug|Any CPU
		{F2635842-F971-41E2-8B46-D5E73CEAD11D}.Release|Any CPU.ActiveCfg = Release|Any CPU
		{F2635842-F971-41E2-8B46-D5E73CEAD11D}.Release|Any CPU.Build.0 = Release|Any CPU
		{FFB1A5E5-3B5C-423B-9B74-6AA74FE9FAFB}.Debug|Any CPU.ActiveCfg = Debug|Any CPU
		{FFB1A5E5-3B5C-423B-9B74-6AA74FE9FAFB}.Debug|Any CPU.Build.0 = Debug|Any CPU
		{FFB1A5E5-3B5C-423B-9B74-6AA74FE9FAFB}.Release|Any CPU.ActiveCfg = Release|Any CPU
		{FFB1A5E5-3B5C-423B-9B74-6AA74FE9FAFB}.Release|Any CPU.Build.0 = Release|Any CPU
		{4FD0C488-6B38-4D0F-A565-1F24E615A608}.Debug|Any CPU.ActiveCfg = Debug|Any CPU
		{4FD0C488-6B38-4D0F-A565-1F24E615A608}.Debug|Any CPU.Build.0 = Debug|Any CPU
		{4FD0C488-6B38-4D0F-A565-1F24E615A608}.Release|Any CPU.ActiveCfg = Release|Any CPU
		{4FD0C488-6B38-4D0F-A565-1F24E615A608}.Release|Any CPU.Build.0 = Release|Any CPU
	EndGlobalSection
	GlobalSection(SolutionProperties) = preSolution
		HideSolutionNode = FALSE
	EndGlobalSection
	GlobalSection(ExtensibilityGlobals) = postSolution
		SolutionGuid = {C8C2BC06-A896-446D-9CEF-6ABDAA2EAD84}
	EndGlobalSection
EndGlobal
